lockfileVersion: '6.0'

settings:
  autoInstallPeers: true
  excludeLinksFromLockfile: false

dependencies:
  '@anatine/zod-openapi':
    specifier: ^2.0.1
    version: 2.0.1(openapi3-ts@4.1.2)(zod@3.21.4)
  '@nestjs/common':
    specifier: ^9.4.3
    version: 9.4.3(reflect-metadata@0.1.13)(rxjs@7.8.1)
  '@prisma-generated/enums':
    specifier: file:../prisma/enums
    version: file:../prisma/enums
  '@ts-rest/core':
    specifier: ^3.26.3
    version: 3.26.3(zod@3.21.4)
  typescript:
    specifier: ^5.1.6
    version: 5.1.6
  zod:
    specifier: ^3.21.4
    version: 3.21.4

devDependencies:
  '@types/node':
    specifier: ^20.4.0
    version: 20.4.0

packages:

  /@anatine/zod-openapi@2.0.1(openapi3-ts@4.1.2)(zod@3.21.4):
    resolution: {integrity: sha512-ks13oMq3wKFobQ6W+C9h893b2kYAff4Giqwmr5gxgP1HyoBhM4Iub1Z/Q3x5EsAfqfTi8qEOBuqTf0Tnv10D2w==}
    peerDependencies:
      openapi3-ts: ^4.1.2
      zod: ^3.20.0
    dependencies:
      openapi3-ts: 4.1.2
      ts-deepmerge: 6.1.0
      zod: 3.21.4
    dev: false

  /@lukeed/csprng@1.1.0:
    resolution: {integrity: sha512-Z7C/xXCiGWsg0KuKsHTKJxbWhpI3Vs5GwLfOean7MGyVFGqdRgBbAjOCh6u4bbjPc/8MJ2pZmK/0DLdCbivLDA==}
    engines: {node: '>=8'}
    dev: false

  /@nestjs/common@9.4.3(reflect-metadata@0.1.13)(rxjs@7.8.1):
    resolution: {integrity: sha512-Gd6D4IaYj01o14Bwv81ukidn4w3bPHCblMUq+SmUmWLyosK+XQmInCS09SbDDZyL8jy86PngtBLTdhJ2bXSUig==}
    peerDependencies:
      cache-manager: <=5
      class-transformer: '*'
      class-validator: '*'
      reflect-metadata: ^0.1.12
      rxjs: ^7.1.0
    peerDependenciesMeta:
      cache-manager:
        optional: true
      class-transformer:
        optional: true
      class-validator:
        optional: true
    dependencies:
      iterare: 1.2.1
      reflect-metadata: 0.1.13
      rxjs: 7.8.1
      tslib: 2.5.3
      uid: 2.0.2
    dev: false

  /@ts-rest/core@3.26.3(zod@3.21.4):
    resolution: {integrity: sha512-JyiZHmbKiEDnh3veQEobqSq3gmq9Sg3RtmJzxT0mefbIAw68NsOfgWYDhMci5yjI1AlCjWU/i3IIEAhr4kBt2g==}
    peerDependencies:
      zod: ^3.0.0
    peerDependenciesMeta:
      zod:
        optional: true
    dependencies:
      zod: 3.21.4
    dev: false

  /@types/node@20.4.0:
    resolution: {integrity: sha512-jfT7iTf/4kOQ9S7CHV9BIyRaQqHu67mOjsIQBC3BKZvzvUB6zLxEwJ6sBE3ozcvP8kF6Uk5PXN0Q+c0dfhGX0g==}
    dev: true

  /iterare@1.2.1:
    resolution: {integrity: sha512-RKYVTCjAnRthyJes037NX/IiqeidgN1xc3j1RjFfECFp28A1GVwK9nA+i0rJPaHqSZwygLzRnFlzUuHFoWWy+Q==}
    engines: {node: '>=6'}
    dev: false

  /openapi3-ts@4.1.2:
    resolution: {integrity: sha512-B7gOkwsYMZO7BZXwJzXCuVagym2xhqsrilVvV0dnq2Di4+iLUXKVX9gOK23ZqaAHZOwABXN0QTdW8QnkUTX6DA==}
    dependencies:
      yaml: 2.3.1
    dev: false

  /reflect-metadata@0.1.13:
    resolution: {integrity: sha512-Ts1Y/anZELhSsjMcU605fU9RE4Oi3p5ORujwbIKXfWa+0Zxs510Qrmrce5/Jowq3cHSZSJqBjypxmHarc+vEWg==}
    dev: false

  /rxjs@7.8.1:
    resolution: {integrity: sha512-AA3TVj+0A2iuIoQkWEK/tqFjBq2j+6PO6Y0zJcvzLAFhEFIO3HL0vls9hWLncZbAAbK0mar7oZ4V079I/qPMxg==}
    dependencies:
      tslib: 2.6.0
    dev: false

  /ts-deepmerge@6.1.0:
    resolution: {integrity: sha512-YVJBhdIwYAZv6QoYz/mihpgbv+r0+QfQazTcSS6WXhQkbCxjTRoV+IOLtyArtz3au7xb+fPQVp1d7o5Qw1f1fg==}
    engines: {node: '>=14.13.1'}
    dev: false

  /tslib@2.5.3:
    resolution: {integrity: sha512-mSxlJJwl3BMEQCUNnxXBU9jP4JBktcEGhURcPR6VQVlnP0FdDEsIaz0C35dXNGLyRfrATNofF0F5p2KPxQgB+w==}
    dev: false

  /tslib@2.6.0:
    resolution: {integrity: sha512-7At1WUettjcSRHXCyYtTselblcHl9PJFFVKiCAy/bY97+BPZXSQ2wbq0P9s8tK2G7dFQfNnlJnPAiArVBVBsfA==}
    dev: false

  /typescript@5.1.6:
    resolution: {integrity: sha512-zaWCozRZ6DLEWAWFrVDz1H6FVXzUSfTy5FUMWsQlU8Ym5JP9eO4xkTIROFCQvhQf61z6O/G6ugw3SgAnvvm+HA==}
    engines: {node: '>=14.17'}
    hasBin: true
    dev: false

  /uid@2.0.2:
    resolution: {integrity: sha512-u3xV3X7uzvi5b1MncmZo3i2Aw222Zk1keqLA1YkHldREkAhAqi65wuPfe7lHx8H/Wzy+8CE7S7uS3jekIM5s8g==}
    engines: {node: '>=8'}
    dependencies:
      '@lukeed/csprng': 1.1.0
    dev: false

  /yaml@2.3.1:
    resolution: {integrity: sha512-2eHWfjaoXgTBC2jNM1LRef62VQa0umtvRiDSk6HSzW7RvS5YtkabJrwYLLEKWBc8a5U2PTSCs+dJjUTJdlHsWQ==}
    engines: {node: '>= 14'}
    dev: false

  /zod@3.21.4:
    resolution: {integrity: sha512-m46AKbrzKVzOzs/DZgVnG5H55N1sv1M8qZU3A8RIKbs3mrACDNeIOeilDymVb2HdmP8uwshOCF4uJ8uM9rCqJw==}
    dev: false

  file:../prisma/enums:
    resolution: {directory: ../prisma/enums, type: directory}
    name: '@prisma-generated/enums'
    dependencies:
      typescript: 5.1.6
    dev: false
